
Microsoft Visual Studio Solution File, Format Version 12.00
# Visual Studio 15
VisualStudioVersion = 15.0.27130.2020
MinimumVisualStudioVersion = 10.0.40219.1
Project("{FAE04EC0-301F-11D3-BF4B-00C04F79EFBC}") = "SingletonAppSample", "SingletonAppSample\SingletonAppSample.csproj", "{F1863367-6BF1-4D2D-AA13-3A9325FBE8CF}"
EndProject
Global
	GlobalSection(SolutionConfigurationPlatforms) = preSolution
		Debug|Any CPU = Debug|Any CPU
		Release|Any CPU = Release|Any CPU
	EndGlobalSection
	GlobalSection(ProjectConfigurationPlatforms) = postSolution
		{F1863367-6BF1-4D2D-AA13-3A9325FBE8CF}.Debug|Any CPU.ActiveCfg = Debug|Any CPU
		{F1863367-6BF1-4D2D-AA13-3A9325FBE8CF}.Debug|Any CPU.Build.0 = Debug|Any CPU
		{F1863367-6BF1-4D2D-AA13-3A9325FBE8CF}.Release|Any CPU.ActiveCfg = Release|Any CPU
		{F1863367-6BF1-4D2D-AA13-3A9325FBE8CF}.Release|Any CPU.Build.0 = Release|Any CPU
	EndGlobalSection
	GlobalSection(SolutionProperties) = preSolution
		HideSolutionNode = FALSE
	EndGlobalSection
	GlobalSection(ExtensibilityGlobals) = postSolution
		SolutionGuid = {3732E424-7AE1-439E-BD71-2807CB9B907C}
	EndGlobalSection
EndGlobal
